[[package]]
category = "main"
description = "Python command-line parsing library"
name = "argparse"
optional = false
python-versions = "*"
version = "1.4.0"

[[package]]
category = "dev"
description = "Atomic file writes."
name = "atomicwrites"
optional = false
python-versions = ">=2.7, !=3.0.*, !=3.1.*, !=3.2.*, !=3.3.*"
version = "1.3.0"

[[package]]
category = "dev"
description = "Classes Without Boilerplate"
name = "attrs"
optional = false
python-versions = ">=2.7, !=3.0.*, !=3.1.*, !=3.2.*, !=3.3.*"
version = "19.3.0"

[package.extras]
azure-pipelines = ["coverage", "hypothesis", "pympler", "pytest (>=4.3.0)", "six", "zope.interface", "pytest-azurepipelines"]
dev = ["coverage", "hypothesis", "pympler", "pytest (>=4.3.0)", "six", "zope.interface", "sphinx", "pre-commit"]
docs = ["sphinx", "zope.interface"]
tests = ["coverage", "hypothesis", "pympler", "pytest (>=4.3.0)", "six", "zope.interface"]

[[package]]
category = "main"
description = "cffi-based cairo bindings for Python"
name = "cairocffi"
optional = false
python-versions = ">= 3.5"
version = "1.1.0"

[package.dependencies]
cffi = ">=1.1.0"
setuptools = ">=39.2.0"

[package.extras]
doc = ["sphinx", "sphinx-rtd-theme"]
test = ["pytest-runner", "pytest-cov", "pytest-flake8", "pytest-isort"]
xcb = ["xcffib (>=0.3.2)"]

[[package]]
category = "main"
description = "Foreign Function Interface for Python calling C code."
name = "cffi"
optional = false
python-versions = "*"
version = "1.13.2"

[package.dependencies]
pycparser = "*"

[[package]]
category = "dev"
description = "Cross-platform colored terminal text."
marker = "sys_platform == \"win32\""
name = "colorama"
optional = false
python-versions = ">=2.7, !=3.0.*, !=3.1.*, !=3.2.*, !=3.3.*, !=3.4.*"
version = "0.4.3"

[[package]]
category = "main"
description = "converts and manipulates various color representation (HSL, RVB, web, X11, ...)"
name = "colour"
optional = false
python-versions = "*"
version = "0.1.5"

[package.extras]
test = ["nose"]

[[package]]
category = "dev"
description = "Read metadata from Python packages"
marker = "python_version < \"3.8\""
name = "importlib-metadata"
optional = false
python-versions = "!=3.0.*,!=3.1.*,!=3.2.*,!=3.3.*,!=3.4.*,>=2.7"
version = "1.4.0"

[package.dependencies]
zipp = ">=0.5"

[package.extras]
docs = ["sphinx", "rst.linker"]
testing = ["packaging", "importlib-resources"]

[[package]]
category = "dev"
description = "More routines for operating on iterables, beyond itertools"
name = "more-itertools"
optional = false
python-versions = ">=3.5"
version = "8.1.0"

[[package]]
category = "main"
description = "NumPy is the fundamental package for array computing with Python."
name = "numpy"
optional = false
python-versions = ">=3.5"
version = "1.18.1"

[[package]]
category = "main"
description = "Wrapper package for OpenCV python bindings."
name = "opencv-python"
optional = false
python-versions = "*"
version = "3.4.2.17"

[package.dependencies]
numpy = ">=1.11.1"

[[package]]
category = "main"
description = "Python Imaging Library (Fork)"
name = "pillow"
optional = false
python-versions = ">=2.7, !=3.0.*, !=3.1.*, !=3.2.*, !=3.3.*"
version = "5.2.0"

[[package]]
category = "dev"
description = "plugin and hook calling mechanisms for python"
name = "pluggy"
optional = false
python-versions = ">=2.7, !=3.0.*, !=3.1.*, !=3.2.*, !=3.3.*"
version = "0.13.1"

[package.dependencies]
[package.dependencies.importlib-metadata]
python = "<3.8"
version = ">=0.12"

[package.extras]
dev = ["pre-commit", "tox"]

[[package]]
category = "main"
description = "Text progress bar library for Python."
name = "progressbar"
optional = false
python-versions = "*"
version = "2.5"

[[package]]
category = "dev"
description = "library with cross-python path, ini-parsing, io, code, log facilities"
name = "py"
optional = false
python-versions = ">=2.7, !=3.0.*, !=3.1.*, !=3.2.*, !=3.3.*"
version = "1.8.1"

[[package]]
category = "main"
description = "C parser in Python"
name = "pycparser"
optional = false
python-versions = ">=2.7, !=3.0.*, !=3.1.*, !=3.2.*, !=3.3.*"
version = "2.19"

[[package]]
category = "main"
description = "Manipulate audio with an simple and easy high level interface"
name = "pydub"
optional = false
python-versions = "*"
version = "0.23.1"

[[package]]
category = "main"
description = "A python implmementation of GNU readline."
name = "pyreadline"
optional = false
python-versions = "*"
version = "2.1"

[[package]]
category = "dev"
description = "pytest: simple powerful testing with Python"
name = "pytest"
optional = false
python-versions = ">=2.7, !=3.0.*, !=3.1.*, !=3.2.*, !=3.3.*"
version = "3.10.1"

[package.dependencies]
atomicwrites = ">=1.0"
attrs = ">=17.4.0"
colorama = "*"
more-itertools = ">=4.0.0"
pluggy = ">=0.7"
py = ">=1.5.0"
setuptools = "*"
six = ">=1.10.0"

[[package]]
category = "main"
description = "SciPy: Scientific Library for Python"
name = "scipy"
optional = false
python-versions = ">=3.5"
version = "1.3.0"

[package.dependencies]
numpy = ">=1.13.3"

[[package]]
category = "dev"
description = "Python 2 and 3 compatibility utilities"
name = "six"
optional = false
python-versions = ">=2.7, !=3.0.*, !=3.1.*, !=3.2.*"
version = "1.14.0"

[[package]]
category = "main"
description = "Fast, Extensible Progress Meter"
name = "tqdm"
optional = false
python-versions = ">=2.6, !=3.0.*, !=3.1.*"
version = "4.24.0"

[[package]]
category = "dev"
description = "Backport of pathlib-compatible object wrapper for zip files"
marker = "python_version < \"3.8\""
name = "zipp"
optional = false
python-versions = ">=2.7"
version = "1.0.0"

[package.dependencies]
more-itertools = "*"

[package.extras]
docs = ["sphinx", "jaraco.packaging (>=3.2)", "rst.linker (>=1.9)"]
testing = ["pathlib2", "contextlib2", "unittest2"]

[metadata]
content-hash = "018a79665285f4d753ff2e526b7bdca36a8dc74a834e1fcc6a0a36f74c73e94b"
python-versions = "^3.7"

[metadata.files]
argparse = [
    {file = "argparse-1.4.0-py2.py3-none-any.whl", hash = "sha256:c31647edb69fd3d465a847ea3157d37bed1f95f19760b11a47aa91c04b666314"},
    {file = "argparse-1.4.0.tar.gz", hash = "sha256:62b089a55be1d8949cd2bc7e0df0bddb9e028faefc8c32038cc84862aefdd6e4"},
]
atomicwrites = [
    {file = "atomicwrites-1.3.0-py2.py3-none-any.whl", hash = "sha256:03472c30eb2c5d1ba9227e4c2ca66ab8287fbfbbda3888aa93dc2e28fc6811b4"},
    {file = "atomicwrites-1.3.0.tar.gz", hash = "sha256:75a9445bac02d8d058d5e1fe689654ba5a6556a1dfd8ce6ec55a0ed79866cfa6"},
]
attrs = [
    {file = "attrs-19.3.0-py2.py3-none-any.whl", hash = "sha256:08a96c641c3a74e44eb59afb61a24f2cb9f4d7188748e76ba4bb5edfa3cb7d1c"},
    {file = "attrs-19.3.0.tar.gz", hash = "sha256:f7b7ce16570fe9965acd6d30101a28f62fb4a7f9e926b3bbc9b61f8b04247e72"},
]
cairocffi = [
    {file = "cairocffi-1.1.0.tar.gz", hash = "sha256:f1c0c5878f74ac9ccb5d48b2601fcc75390c881ce476e79f4cfedd288b1b05db"},
]
cffi = [
    {file = "cffi-1.13.2-cp27-cp27m-macosx_10_6_intel.whl", hash = "sha256:3c9fff570f13480b201e9ab69453108f6d98244a7f495e91b6c654a47486ba43"},
    {file = "cffi-1.13.2-cp27-cp27m-manylinux1_i686.whl", hash = "sha256:2c5e309ec482556397cb21ede0350c5e82f0eb2621de04b2633588d118da4396"},
    {file = "cffi-1.13.2-cp27-cp27m-manylinux1_x86_64.whl", hash = "sha256:19db0cdd6e516f13329cba4903368bff9bb5a9331d3410b1b448daaadc495e54"},
    {file = "cffi-1.13.2-cp27-cp27m-win32.whl", hash = "sha256:5c4fae4e9cdd18c82ba3a134be256e98dc0596af1e7285a3d2602c97dcfa5159"},
    {file = "cffi-1.13.2-cp27-cp27m-win_amd64.whl", hash = "sha256:32a262e2b90ffcfdd97c7a5e24a6012a43c61f1f5a57789ad80af1d26c6acd97"},
    {file = "cffi-1.13.2-cp27-cp27mu-manylinux1_i686.whl", hash = "sha256:4a43c91840bda5f55249413037b7a9b79c90b1184ed504883b72c4df70778579"},
    {file = "cffi-1.13.2-cp27-cp27mu-manylinux1_x86_64.whl", hash = "sha256:8169cf44dd8f9071b2b9248c35fc35e8677451c52f795daa2bb4643f32a540bc"},
    {file = "cffi-1.13.2-cp34-cp34m-macosx_10_6_intel.whl", hash = "sha256:71a608532ab3bd26223c8d841dde43f3516aa5d2bf37b50ac410bb5e99053e8f"},
    {file = "cffi-1.13.2-cp34-cp34m-manylinux1_i686.whl", hash = "sha256:7f627141a26b551bdebbc4855c1157feeef18241b4b8366ed22a5c7d672ef858"},
    {file = "cffi-1.13.2-cp34-cp34m-manylinux1_x86_64.whl", hash = "sha256:0b49274afc941c626b605fb59b59c3485c17dc776dc3cc7cc14aca74cc19cc42"},
    {file = "cffi-1.13.2-cp34-cp34m-win32.whl", hash = "sha256:4424e42199e86b21fc4db83bd76909a6fc2a2aefb352cb5414833c030f6ed71b"},
    {file = "cffi-1.13.2-cp34-cp34m-win_amd64.whl", hash = "sha256:7d4751da932caaec419d514eaa4215eaf14b612cff66398dd51129ac22680b20"},
    {file = "cffi-1.13.2-cp35-cp35m-macosx_10_6_intel.whl", hash = "sha256:ccb032fda0873254380aa2bfad2582aedc2959186cce61e3a17abc1a55ff89c3"},
    {file = "cffi-1.13.2-cp35-cp35m-manylinux1_i686.whl", hash = "sha256:dcd65317dd15bc0451f3e01c80da2216a31916bdcffd6221ca1202d96584aa25"},
    {file = "cffi-1.13.2-cp35-cp35m-manylinux1_x86_64.whl", hash = "sha256:135f69aecbf4517d5b3d6429207b2dff49c876be724ac0c8bf8e1ea99df3d7e5"},
    {file = "cffi-1.13.2-cp35-cp35m-win32.whl", hash = "sha256:7b93a885bb13073afb0aa73ad82059a4c41f4b7d8eb8368980448b52d4c7dc2c"},
    {file = "cffi-1.13.2-cp35-cp35m-win_amd64.whl", hash = "sha256:e570d3ab32e2c2861c4ebe6ffcad6a8abf9347432a37608fe1fbd157b3f0036b"},
    {file = "cffi-1.13.2-cp36-cp36m-macosx_10_6_intel.whl", hash = "sha256:0e3ea92942cb1168e38c05c1d56b0527ce31f1a370f6117f1d490b8dcd6b3a04"},
    {file = "cffi-1.13.2-cp36-cp36m-manylinux1_i686.whl", hash = "sha256:5ecfa867dea6fabe2a58f03ac9186ea64da1386af2159196da51c4904e11d652"},
    {file = "cffi-1.13.2-cp36-cp36m-manylinux1_x86_64.whl", hash = "sha256:291f7c42e21d72144bb1c1b2e825ec60f46d0a7468f5346841860454c7aa8f57"},
    {file = "cffi-1.13.2-cp36-cp36m-win32.whl", hash = "sha256:62f2578358d3a92e4ab2d830cd1c2049c9c0d0e6d3c58322993cc341bdeac22e"},
    {file = "cffi-1.13.2-cp36-cp36m-win_amd64.whl", hash = "sha256:fd43a88e045cf992ed09fa724b5315b790525f2676883a6ea64e3263bae6549d"},
    {file = "cffi-1.13.2-cp37-cp37m-macosx_10_6_intel.whl", hash = "sha256:d75c461e20e29afc0aee7172a0950157c704ff0dd51613506bd7d82b718e7410"},
    {file = "cffi-1.13.2-cp37-cp37m-manylinux1_i686.whl", hash = "sha256:aa00d66c0fab27373ae44ae26a66a9e43ff2a678bf63a9c7c1a9a4d61172827a"},
    {file = "cffi-1.13.2-cp37-cp37m-manylinux1_x86_64.whl", hash = "sha256:2e9c80a8c3344a92cb04661115898a9129c074f7ab82011ef4b612f645939f12"},
    {file = "cffi-1.13.2-cp37-cp37m-win32.whl", hash = "sha256:d754f39e0d1603b5b24a7f8484b22d2904fa551fe865fd0d4c3332f078d20d4e"},
    {file = "cffi-1.13.2-cp37-cp37m-win_amd64.whl", hash = "sha256:6471a82d5abea994e38d2c2abc77164b4f7fbaaf80261cb98394d5793f11b12a"},
    {file = "cffi-1.13.2-cp38-cp38-macosx_10_9_x86_64.whl", hash = "sha256:74a1d8c85fb6ff0b30fbfa8ad0ac23cd601a138f7509dc617ebc65ef305bb98d"},
    {file = "cffi-1.13.2-cp38-cp38-manylinux1_i686.whl", hash = "sha256:42194f54c11abc8583417a7cf4eaff544ce0de8187abaf5d29029c91b1725ad3"},
    {file = "cffi-1.13.2-cp38-cp38-manylinux1_x86_64.whl", hash = "sha256:415bdc7ca8c1c634a6d7163d43fb0ea885a07e9618a64bda407e04b04333b7db"},
    {file = "cffi-1.13.2-cp38-cp38-win32.whl", hash = "sha256:6d4f18483d040e18546108eb13b1dfa1000a089bcf8529e30346116ea6240506"},
    {file = "cffi-1.13.2-cp38-cp38-win_amd64.whl", hash = "sha256:2781e9ad0e9d47173c0093321bb5435a9dfae0ed6a762aabafa13108f5f7b2ba"},
    {file = "cffi-1.13.2.tar.gz", hash = "sha256:599a1e8ff057ac530c9ad1778293c665cb81a791421f46922d80a86473c13346"},
]
colorama = [
    {file = "colorama-0.4.3-py2.py3-none-any.whl", hash = "sha256:7d73d2a99753107a36ac6b455ee49046802e59d9d076ef8e47b61499fa29afff"},
    {file = "colorama-0.4.3.tar.gz", hash = "sha256:e96da0d330793e2cb9485e9ddfd918d456036c7149416295932478192f4436a1"},
]
colour = [
    {file = "colour-0.1.5-py2.py3-none-any.whl", hash = "sha256:33f6db9d564fadc16e59921a56999b79571160ce09916303d35346dddc17978c"},
    {file = "colour-0.1.5.tar.gz", hash = "sha256:af20120fefd2afede8b001fbef2ea9da70ad7d49fafdb6489025dae8745c3aee"},
]
importlib-metadata = [
    {file = "importlib_metadata-1.4.0-py2.py3-none-any.whl", hash = "sha256:bdd9b7c397c273bcc9a11d6629a38487cd07154fa255a467bf704cd2c258e359"},
    {file = "importlib_metadata-1.4.0.tar.gz", hash = "sha256:f17c015735e1a88296994c0697ecea7e11db24290941983b08c9feb30921e6d8"},
]
more-itertools = [
    {file = "more-itertools-8.1.0.tar.gz", hash = "sha256:c468adec578380b6281a114cb8a5db34eb1116277da92d7c46f904f0b52d3288"},
    {file = "more_itertools-8.1.0-py3-none-any.whl", hash = "sha256:1a2a32c72400d365000412fe08eb4a24ebee89997c18d3d147544f70f5403b39"},
]
numpy = [
    {file = "numpy-1.18.1-cp35-cp35m-macosx_10_6_intel.whl", hash = "sha256:20b26aaa5b3da029942cdcce719b363dbe58696ad182aff0e5dcb1687ec946dc"},
    {file = "numpy-1.18.1-cp35-cp35m-manylinux1_i686.whl", hash = "sha256:70a840a26f4e61defa7bdf811d7498a284ced303dfbc35acb7be12a39b2aa121"},
    {file = "numpy-1.18.1-cp35-cp35m-manylinux1_x86_64.whl", hash = "sha256:17aa7a81fe7599a10f2b7d95856dc5cf84a4eefa45bc96123cbbc3ebc568994e"},
    {file = "numpy-1.18.1-cp35-cp35m-win32.whl", hash = "sha256:f3d0a94ad151870978fb93538e95411c83899c9dc63e6fb65542f769568ecfa5"},
    {file = "numpy-1.18.1-cp35-cp35m-win_amd64.whl", hash = "sha256:1786a08236f2c92ae0e70423c45e1e62788ed33028f94ca99c4df03f5be6b3c6"},
    {file = "numpy-1.18.1-cp36-cp36m-macosx_10_9_x86_64.whl", hash = "sha256:ae0975f42ab1f28364dcda3dde3cf6c1ddab3e1d4b2909da0cb0191fa9ca0480"},
    {file = "numpy-1.18.1-cp36-cp36m-manylinux1_i686.whl", hash = "sha256:cf7eb6b1025d3e169989416b1adcd676624c2dbed9e3bcb7137f51bfc8cc2572"},
    {file = "numpy-1.18.1-cp36-cp36m-manylinux1_x86_64.whl", hash = "sha256:b765ed3930b92812aa698a455847141869ef755a87e099fddd4ccf9d81fffb57"},
    {file = "numpy-1.18.1-cp36-cp36m-win32.whl", hash = "sha256:2d75908ab3ced4223ccba595b48e538afa5ecc37405923d1fea6906d7c3a50bc"},
    {file = "numpy-1.18.1-cp36-cp36m-win_amd64.whl", hash = "sha256:9acdf933c1fd263c513a2df3dceecea6f3ff4419d80bf238510976bf9bcb26cd"},
    {file = "numpy-1.18.1-cp37-cp37m-macosx_10_9_x86_64.whl", hash = "sha256:56bc8ded6fcd9adea90f65377438f9fea8c05fcf7c5ba766bef258d0da1554aa"},
    {file = "numpy-1.18.1-cp37-cp37m-manylinux1_i686.whl", hash = "sha256:e422c3152921cece8b6a2fb6b0b4d73b6579bd20ae075e7d15143e711f3ca2ca"},
    {file = "numpy-1.18.1-cp37-cp37m-manylinux1_x86_64.whl", hash = "sha256:b3af02ecc999c8003e538e60c89a2b37646b39b688d4e44d7373e11c2debabec"},
    {file = "numpy-1.18.1-cp37-cp37m-win32.whl", hash = "sha256:d92350c22b150c1cae7ebb0ee8b5670cc84848f6359cf6b5d8f86617098a9b73"},
    {file = "numpy-1.18.1-cp37-cp37m-win_amd64.whl", hash = "sha256:77c3bfe65d8560487052ad55c6998a04b654c2fbc36d546aef2b2e511e760971"},
    {file = "numpy-1.18.1-cp38-cp38-macosx_10_9_x86_64.whl", hash = "sha256:c98c5ffd7d41611407a1103ae11c8b634ad6a43606eca3e2a5a269e5d6e8eb07"},
    {file = "numpy-1.18.1-cp38-cp38-manylinux1_i686.whl", hash = "sha256:9537eecf179f566fd1c160a2e912ca0b8e02d773af0a7a1120ad4f7507cd0d26"},
    {file = "numpy-1.18.1-cp38-cp38-manylinux1_x86_64.whl", hash = "sha256:e840f552a509e3380b0f0ec977e8124d0dc34dc0e68289ca28f4d7c1d0d79474"},
    {file = "numpy-1.18.1-cp38-cp38-win32.whl", hash = "sha256:590355aeade1a2eaba17617c19edccb7db8d78760175256e3cf94590a1a964f3"},
    {file = "numpy-1.18.1-cp38-cp38-win_amd64.whl", hash = "sha256:39d2c685af15d3ce682c99ce5925cc66efc824652e10990d2462dfe9b8918c6a"},
    {file = "numpy-1.18.1.zip", hash = "sha256:b6ff59cee96b454516e47e7721098e6ceebef435e3e21ac2d6c3b8b02628eb77"},
]
opencv-python = [
    {file = "opencv_python-3.4.2.17-cp27-cp27m-macosx_10_6_x86_64.macosx_10_9_intel.macosx_10_9_x86_64.macosx_10_10_intel.macosx_10_10_x86_64.whl", hash = "sha256:4f0a5c098aad4df88ce7dc3828a857921368635e3a961e80431e60f3522a99be"},
    {file = "opencv_python-3.4.2.17-cp27-cp27m-manylinux1_i686.whl", hash = "sha256:440a093dda50daf093d73aae2dd333c9e4a593cfe7df8cbc298b421d313e263f"},
    {file = "opencv_python-3.4.2.17-cp27-cp27m-manylinux1_x86_64.whl", hash = "sha256:2306ddd98aa52688c9667f8080349d653d465a2b838cbacb19561286046ba1e8"},
    {file = "opencv_python-3.4.2.17-cp27-cp27m-win32.whl", hash = "sha256:78390d93834b6b7c9d9234dba68ba9c34a966f60e519efd2691e5c367dee7f8e"},
    {file = "opencv_python-3.4.2.17-cp27-cp27m-win_amd64.whl", hash = "sha256:1f7fa5433c26c637cf923c59025df12fcd56b2d205da178c7ad6954e6e50912e"},
    {file = "opencv_python-3.4.2.17-cp27-cp27mu-manylinux1_i686.whl", hash = "sha256:31945ea9e7324c41be925f2b21fcb523844b2399dc649010f3a3e97825dcfcd0"},
    {file = "opencv_python-3.4.2.17-cp27-cp27mu-manylinux1_x86_64.whl", hash = "sha256:4b5902b647e66addfa5218dbc75e7a4de2f46c253ea17b234408f5792cfc8d7f"},
    {file = "opencv_python-3.4.2.17-cp34-cp34m-macosx_10_6_x86_64.macosx_10_9_intel.macosx_10_9_x86_64.macosx_10_10_intel.macosx_10_10_x86_64.whl", hash = "sha256:c672596fa261766d6d0cc02377755558b92dee80a64ee8dd6f58f4e56bf7835d"},
    {file = "opencv_python-3.4.2.17-cp34-cp34m-manylinux1_i686.whl", hash = "sha256:81519bba8560c68f587482c157a74cf04d5a2877d4367377d2671e66eb7a3961"},
    {file = "opencv_python-3.4.2.17-cp34-cp34m-manylinux1_x86_64.whl", hash = "sha256:20bd10b6f6f5de1a5e796900ab77ea57366139290f426d2039d3919d8ddf9f1c"},
    {file = "opencv_python-3.4.2.17-cp34-cp34m-win32.whl", hash = "sha256:fd6ac9a11faa5d1cbf014d059dd890ad6f0583f149e780ff7d0d3d47e68438d6"},
    {file = "opencv_python-3.4.2.17-cp34-cp34m-win_amd64.whl", hash = "sha256:1f035595ef2f296c234c2b8b9659162646b9312afd0cec7ab0217bad915ff068"},
    {file = "opencv_python-3.4.2.17-cp35-cp35m-macosx_10_6_x86_64.macosx_10_9_intel.macosx_10_9_x86_64.macosx_10_10_intel.macosx_10_10_x86_64.whl", hash = "sha256:70f3c6fe31af7c00c60cb91bb7351837ba6c7b3d173b855ca5dbe265b90a1606"},
    {file = "opencv_python-3.4.2.17-cp35-cp35m-manylinux1_i686.whl", hash = "sha256:0dbbd0348c8282d4e3cf472a8e2a17785f05c22a55647253fa00b539897f8fcc"},
    {file = "opencv_python-3.4.2.17-cp35-cp35m-manylinux1_x86_64.whl", hash = "sha256:36680744ebdc66a9da0a65f1f33ec9cf5d26a98749c5701dc612b334b213997d"},
    {file = "opencv_python-3.4.2.17-cp35-cp35m-win32.whl", hash = "sha256:a354096290dd57ddb2664e7b21ddb6c6c2f5297cc4d8a402ce3f6a82a24807e3"},
    {file = "opencv_python-3.4.2.17-cp35-cp35m-win_amd64.whl", hash = "sha256:a4635e22637181b478d6ad337c94b596c98c16bdbae92ef90514bbf31e30ef3a"},
    {file = "opencv_python-3.4.2.17-cp36-cp36m-macosx_10_6_x86_64.macosx_10_9_intel.macosx_10_9_x86_64.macosx_10_10_intel.macosx_10_10_x86_64.whl", hash = "sha256:b23359c21c4eb84f28fbe1331723bbf1ebc34125f22480da4b16cfae989a3249"},
    {file = "opencv_python-3.4.2.17-cp36-cp36m-manylinux1_i686.whl", hash = "sha256:6e4fee2ee2bc4d911dad78e2b167da97796879aaade4be3ff42ff1993e250b15"},
    {file = "opencv_python-3.4.2.17-cp36-cp36m-manylinux1_x86_64.whl", hash = "sha256:6df586230f9146afde5b8e2f4511978f8fb6172bf0f47ba290423979baae974d"},
    {file = "opencv_python-3.4.2.17-cp36-cp36m-win32.whl", hash = "sha256:4b0465c3df9dea074583b6b4f8cf22e5902c5c5ec213a479c6c834a8a0191cf7"},
    {file = "opencv_python-3.4.2.17-cp36-cp36m-win_amd64.whl", hash = "sha256:0495e9247fbbd5d88346bb4d480df27fb4000aa4799b5a15b1735968a94a5189"},
    {file = "opencv_python-3.4.2.17-cp37-cp37m-macosx_10_6_x86_64.macosx_10_9_intel.macosx_10_9_x86_64.macosx_10_10_intel.macosx_10_10_x86_64.whl", hash = "sha256:078e8ea34d06b3fa459c58a6ce966ef715cc2e913b7bd96a46beb345975aa5d6"},
    {file = "opencv_python-3.4.2.17-cp37-cp37m-manylinux1_i686.whl", hash = "sha256:409e3a4c925accd68a5ab1cef21dd04b957c0ee2985db8f075a808dccd6e0f73"},
    {file = "opencv_python-3.4.2.17-cp37-cp37m-manylinux1_x86_64.whl", hash = "sha256:87beeb6ad4ffcd6fbfbb464a8a75c7a1389a0642cc632ecceb504c86139567e3"},
    {file = "opencv_python-3.4.2.17-cp37-cp37m-win32.whl", hash = "sha256:ba52829eafab59c5260bec012fad0e26bd05389828af0e316e278912c82dab32"},
    {file = "opencv_python-3.4.2.17-cp37-cp37m-win_amd64.whl", hash = "sha256:1b302b4721ca2d55ae7e9e80acebd73499c16a82be9bebc563a7937dbd348b2d"},
]
pillow = [
    {file = "Pillow-5.2.0-cp27-cp27m-macosx_10_6_intel.macosx_10_9_intel.macosx_10_9_x86_64.macosx_10_10_intel.macosx_10_10_x86_64.whl", hash = "sha256:4fda62030f2c515b6e2e673c57caa55cb04026a81968f3128aae10fc28e5cc27"},
    {file = "Pillow-5.2.0-cp27-cp27m-manylinux1_i686.whl", hash = "sha256:79258a8df3e309a54c7ef2ef4a59bb8e28f7e4a8992a3ad17c24b1889ced44f3"},
    {file = "Pillow-5.2.0-cp27-cp27m-manylinux1_x86_64.whl", hash = "sha256:5044d75a68b49ce36a813c82d8201384207112d5d81643937fc758c05302f05b"},
    {file = "Pillow-5.2.0-cp27-cp27m-win32.whl", hash = "sha256:f63e420180cbe22ff6e32558b612e75f50616fc111c5e095a4631946c782e109"},
    {file = "Pillow-5.2.0-cp27-cp27m-win_amd64.whl", hash = "sha256:03eb0e04f929c102ae24bc436bf1c0c60a4e63b07ebd388e84d8b219df3e6acd"},
    {file = "Pillow-5.2.0-cp27-cp27mu-manylinux1_i686.whl", hash = "sha256:3832e26ecbc9d8a500821e3a1d3765bda99d04ae29ffbb2efba49f5f788dc934"},
    {file = "Pillow-5.2.0-cp27-cp27mu-manylinux1_x86_64.whl", hash = "sha256:24adccf1e834f82718c7fc8e3ec1093738da95144b8b1e44c99d5fc7d3e9c554"},
    {file = "Pillow-5.2.0-cp34-cp34m-macosx_10_6_intel.macosx_10_9_intel.macosx_10_9_x86_64.macosx_10_10_intel.macosx_10_10_x86_64.whl", hash = "sha256:22cf3406d135cfcc13ec6228ade774c8461e125c940e80455f500638429be273"},
    {file = "Pillow-5.2.0-cp34-cp34m-manylinux1_i686.whl", hash = "sha256:026449b64e559226cdb8e6d8c931b5965d8fc90ec18ebbb0baa04c5b36503c72"},
    {file = "Pillow-5.2.0-cp34-cp34m-manylinux1_x86_64.whl", hash = "sha256:e2bed4a04e2ca1050bb5f00865cf2f83c0b92fd62454d9244f690fcd842e27a4"},
    {file = "Pillow-5.2.0-cp34-cp34m-win32.whl", hash = "sha256:4fd1f0c2dc02aaec729d91c92cd85a2df0289d88e9f68d1e8faba750bb9c4786"},
    {file = "Pillow-5.2.0-cp34-cp34m-win_amd64.whl", hash = "sha256:6661a7908d68c4a133e03dac8178287aa20a99f841ea90beeb98a233ae3fd710"},
    {file = "Pillow-5.2.0-cp35-cp35m-macosx_10_6_intel.macosx_10_9_intel.macosx_10_9_x86_64.macosx_10_10_intel.macosx_10_10_x86_64.whl", hash = "sha256:1e977a3ed998a599bda5021fb2c2889060617627d3ae228297a529a082a3cd5c"},
    {file = "Pillow-5.2.0-cp35-cp35m-manylinux1_i686.whl", hash = "sha256:7d74c20b8f1c3e99d3f781d3b8ff5abfefdd7363d61e23bdeba9992ff32cc4b4"},
    {file = "Pillow-5.2.0-cp35-cp35m-manylinux1_x86_64.whl", hash = "sha256:8194d913ca1f459377c8a4ed8f9b7ad750068b8e0e3f3f9c6963fcc87a84515f"},
    {file = "Pillow-5.2.0-cp35-cp35m-win32.whl", hash = "sha256:03dbb224ee196ef30ed2156d41b579143e1efeb422974719a5392fc035e4f574"},
    {file = "Pillow-5.2.0-cp35-cp35m-win_amd64.whl", hash = "sha256:00def5b638994f888d1058e4d17c86dec8e1113c3741a0a8a659039aec59a83a"},
    {file = "Pillow-5.2.0-cp36-cp36m-macosx_10_6_intel.macosx_10_9_intel.macosx_10_9_x86_64.macosx_10_10_intel.macosx_10_10_x86_64.whl", hash = "sha256:989981db57abffb52026b114c9a1f114c7142860a6d30a352d28f8cbf186500b"},
    {file = "Pillow-5.2.0-cp36-cp36m-manylinux1_i686.whl", hash = "sha256:e87a527c06319428007e8c30511e1f0ce035cb7f14bb4793b003ed532c3b9333"},
    {file = "Pillow-5.2.0-cp36-cp36m-manylinux1_x86_64.whl", hash = "sha256:5914cff11f3e920626da48e564be6818831713a3087586302444b9c70e8552d9"},
    {file = "Pillow-5.2.0-cp36-cp36m-win32.whl", hash = "sha256:1be66b9a89e367e7d20d6cae419794997921fe105090fafd86ef39e20a3baab2"},
    {file = "Pillow-5.2.0-cp36-cp36m-win_amd64.whl", hash = "sha256:c5dcb5a56aebb8a8f2585042b2f5c496d7624f0bcfe248f0cc33ceb2fd8d39e7"},
    {file = "Pillow-5.2.0-cp37-cp37m-macosx_10_6_intel.macosx_10_9_intel.macosx_10_9_x86_64.macosx_10_10_intel.macosx_10_10_x86_64.whl", hash = "sha256:a3d7511d3fad1618a82299aab71a5fceee5c015653a77ffea75ced9ef917e71a"},
    {file = "Pillow-5.2.0-cp37-cp37m-manylinux1_i686.whl", hash = "sha256:2a3e362c97a5e6a259ee9cd66553292a1f8928a5bdfa3622fdb1501570834612"},
    {file = "Pillow-5.2.0-cp37-cp37m-manylinux1_x86_64.whl", hash = "sha256:b3ef168d4d6fd4fa6685aef7c91400f59f7ab1c0da734541f7031699741fb23f"},
    {file = "Pillow-5.2.0-cp37-cp37m-win32.whl", hash = "sha256:522184556921512ec484cb93bd84e0bab915d0ac5a372d49571c241a7f73db62"},
    {file = "Pillow-5.2.0-cp37-cp37m-win_amd64.whl", hash = "sha256:81918afeafc16ba5d9d0d4e9445905f21aac969a4ebb6f2bff4b9886da100f4b"},
    {file = "Pillow-5.2.0-pp260-pypy_41-win32.whl", hash = "sha256:84d5d31200b11b3c76fab853b89ac898bf2d05c8b3da07c1fcc23feb06359d6e"},
    {file = "Pillow-5.2.0-pp360-pp360-win32.whl", hash = "sha256:c1c5792b6e74bbf2af0f8e892272c2a6c48efa895903211f11b8342e03129fea"},
    {file = "Pillow-5.2.0-py2.7-win-amd64.egg", hash = "sha256:091a0656688d85fd6e10f49a73fa3ab9b37dbfcb2151f5a3ab17f8b879f467ee"},
    {file = "Pillow-5.2.0-py2.7-win32.egg", hash = "sha256:452d159024faf37cc080537df308e8fa0026076eb38eb75185d96ed9642bd6d7"},
    {file = "Pillow-5.2.0-py3.4-win-amd64.egg", hash = "sha256:acb90eb6c7ed6526551a78211d84c81e33082a35642ff5fe57489abc14e6bf6e"},
    {file = "Pillow-5.2.0-py3.4-win32.egg", hash = "sha256:dcdc9cd9880027688007ff8f7c8e7ae6f24e81fae33bfd18d1e691e7bda4855f"},
    {file = "Pillow-5.2.0-py3.5-win-amd64.egg", hash = "sha256:d16f90810106822833a19bdb24c7cb766959acf791ca0edf5edfec674d55c8ee"},
    {file = "Pillow-5.2.0-py3.5-win32.egg", hash = "sha256:f8582e1ab155302ea9ef1235441a0214919f4f79c4c7c21833ce9eec58181781"},
    {file = "Pillow-5.2.0-py3.6-win-amd64.egg", hash = "sha256:791f07fe13937e65285f9ef30664ddf0e10a0230bdb236751fa0ca67725740dd"},
    {file = "Pillow-5.2.0-py3.6-win32.egg", hash = "sha256:ebcfc33a6c34984086451e230253bc33727bd17b4cdc4b39ec03032c3a6fc9e9"},
    {file = "Pillow-5.2.0-py3.7-win-amd64.egg", hash = "sha256:e2807aad4565d8de15391a9548f97818a14ef32624015c7bf3095171e314445e"},
    {file = "Pillow-5.2.0-py3.7-win32.egg", hash = "sha256:a4a6ac01b8c2f9d2d83719f193e6dea493e18445ce5bfd743d739174daa974d9"},
    {file = "Pillow-5.2.0.tar.gz", hash = "sha256:f8b3d413c5a8f84b12cd4c5df1d8e211777c9852c6be3ee9c094b626644d3eab"},
    {file = "Pillow-5.2.0.win-amd64-py2.7.exe", hash = "sha256:f7717eb360d40e7598c30cc44b33d98f79c468d9279379b66c1e28c568e0bf47"},
    {file = "Pillow-5.2.0.win-amd64-py3.4.exe", hash = "sha256:653d48fe46378f40e3c2b892be88d8440efbb2c9df78559da44c63ad5ecb4142"},
    {file = "Pillow-5.2.0.win-amd64-py3.5.exe", hash = "sha256:0f3e2d0a9966161b7dfd06d147f901d72c3a88ea1a833359b92193b8e1f68e1c"},
    {file = "Pillow-5.2.0.win-amd64-py3.6.exe", hash = "sha256:6735a7e560df6f0deb78246a6fe056cf2ae392ba2dc060ea8a6f2535aec924f1"},
    {file = "Pillow-5.2.0.win-amd64-py3.7.exe", hash = "sha256:6d26a475a19cb294225738f5c974b3a24599438a67a30ed2d25638f012668026"},
    {file = "Pillow-5.2.0.win32-py2.7.exe", hash = "sha256:087b0551ce2d19b3f092f2b5f071a065f7379e748867d070b29999cc83db15e3"},
    {file = "Pillow-5.2.0.win32-py3.4.exe", hash = "sha256:3709339f4619e8c9b00f53079e40b964f43c5af61fb89a923fe24437167298bb"},
    {file = "Pillow-5.2.0.win32-py3.5.exe", hash = "sha256:3518f9fc666cbc58a5c1f48a6a23e9e6ceef69665eab43cdad5144de9383e72c"},
    {file = "Pillow-5.2.0.win32-py3.6.exe", hash = "sha256:1c5e93c40d4ce8cb133d3b105a869be6fa767e703f6eb1003eb4b90583e08a59"},
    {file = "Pillow-5.2.0.win32-py3.7.exe", hash = "sha256:114398d0e073b93e1d7da5b5ab92ff4b83c0180625c8031911425e51f4365d2e"},
]
pluggy = [
    {file = "pluggy-0.13.1-py2.py3-none-any.whl", hash = "sha256:966c145cd83c96502c3c3868f50408687b38434af77734af1e9ca461a4081d2d"},
    {file = "pluggy-0.13.1.tar.gz", hash = "sha256:15b2acde666561e1298d71b523007ed7364de07029219b604cf808bfa1c765b0"},
]
progressbar = [
    {file = "progressbar-2.5.tar.gz", hash = "sha256:5d81cb529da2e223b53962afd6c8ca0f05c6670e40309a7219eacc36af9b6c63"},
]
py = [
    {file = "py-1.8.1-py2.py3-none-any.whl", hash = "sha256:c20fdd83a5dbc0af9efd622bee9a5564e278f6380fffcacc43ba6f43db2813b0"},
    {file = "py-1.8.1.tar.gz", hash = "sha256:5e27081401262157467ad6e7f851b7aa402c5852dbcb3dae06768434de5752aa"},
]
pycparser = [
    {file = "pycparser-2.19.tar.gz", hash = "sha256:a988718abfad80b6b157acce7bf130a30876d27603738ac39f140993246b25b3"},
]
pydub = [
    {file = "pydub-0.23.1-py2.py3-none-any.whl", hash = "sha256:d29901a486fb421c5d7b0f3d5d3a60527179204d8ffb20e74e1ae81c17e81b46"},
    {file = "pydub-0.23.1.tar.gz", hash = "sha256:c362fa02da1eebd1d08bd47aa9b0102582dff7ca2269dbe9e043d228a0c1ea93"},
]
pyreadline = [
    {file = "pyreadline-2.1.win-amd64.exe", hash = "sha256:9ce5fa65b8992dfa373bddc5b6e0864ead8f291c94fbfec05fbd5c836162e67b"},
    {file = "pyreadline-2.1.win32.exe", hash = "sha256:65540c21bfe14405a3a77e4c085ecfce88724743a4ead47c66b84defcf82c32e"},
    {file = "pyreadline-2.1.zip", hash = "sha256:4530592fc2e85b25b1a9f79664433da09237c1a270e4d78ea5aa3a2c7229e2d1"},
]
pytest = [
    {file = "pytest-3.10.1-py2.py3-none-any.whl", hash = "sha256:3f193df1cfe1d1609d4c583838bea3d532b18d6160fd3f55c9447fdca30848ec"},
    {file = "pytest-3.10.1.tar.gz", hash = "sha256:e246cf173c01169b9617fc07264b7b1316e78d7a650055235d6d897bc80d9660"},
]
scipy = [
    {file = "scipy-1.3.0-cp35-cp35m-macosx_10_6_intel.macosx_10_9_intel.macosx_10_9_x86_64.macosx_10_10_intel.macosx_10_10_x86_64.whl", hash = "sha256:4907040f62b91c2e170359c3d36c000af783f0fa1516a83d6c1517cde0af5340"},
    {file = "scipy-1.3.0-cp35-cp35m-manylinux1_i686.whl", hash = "sha256:1db9f964ed9c52dc5bd6127f0dd90ac89791daa690a5665cc01eae185912e1ba"},
    {file = "scipy-1.3.0-cp35-cp35m-manylinux1_x86_64.whl", hash = "sha256:adadeeae5500de0da2b9e8dd478520d0a9945b577b2198f2462555e68f58e7ef"},
    {file = "scipy-1.3.0-cp35-cp35m-win32.whl", hash = "sha256:03b1e0775edbe6a4c64effb05fff2ce1429b76d29d754aa5ee2d848b60033351"},
    {file = "scipy-1.3.0-cp35-cp35m-win_amd64.whl", hash = "sha256:a7695a378c2ce402405ea37b12c7a338a8755e081869bd6b95858893ceb617ae"},
    {file = "scipy-1.3.0-cp36-cp36m-macosx_10_6_intel.macosx_10_9_intel.macosx_10_9_x86_64.macosx_10_10_intel.macosx_10_10_x86_64.whl", hash = "sha256:826b9f5fbb7f908a13aa1efd4b7321e36992f5868d5d8311c7b40cf9b11ca0e7"},
    {file = "scipy-1.3.0-cp36-cp36m-manylinux1_i686.whl", hash = "sha256:b283a76a83fe463c9587a2c88003f800e08c3929dfbeba833b78260f9c209785"},
    {file = "scipy-1.3.0-cp36-cp36m-manylinux1_x86_64.whl", hash = "sha256:db61a640ca20f237317d27bc658c1fc54c7581ff7f6502d112922dc285bdabee"},
    {file = "scipy-1.3.0-cp36-cp36m-win32.whl", hash = "sha256:409846be9d6bdcbd78b9e5afe2f64b2da5a923dd7c1cd0615ce589489533fdbb"},
    {file = "scipy-1.3.0-cp36-cp36m-win_amd64.whl", hash = "sha256:c19a7389ab3cd712058a8c3c9ffd8d27a57f3d84b9c91a931f542682bb3d269d"},
    {file = "scipy-1.3.0-cp37-cp37m-macosx_10_6_intel.macosx_10_9_intel.macosx_10_9_x86_64.macosx_10_10_intel.macosx_10_10_x86_64.whl", hash = "sha256:09d008237baabf52a5d4f5a6fcf9b3c03408f3f61a69c404472a16861a73917e"},
    {file = "scipy-1.3.0-cp37-cp37m-manylinux1_i686.whl", hash = "sha256:a84c31e8409b420c3ca57fd30c7589378d6fdc8d155d866a7f8e6e80dec6fd06"},
    {file = "scipy-1.3.0-cp37-cp37m-manylinux1_x86_64.whl", hash = "sha256:c5ea60ece0c0c1c849025bfc541b60a6751b491b6f11dd9ef37ab5b8c9041921"},
    {file = "scipy-1.3.0-cp37-cp37m-win32.whl", hash = "sha256:6c0543f2fdd38dee631fb023c0f31c284a532d205590b393d72009c14847f5b1"},
    {file = "scipy-1.3.0-cp37-cp37m-win_amd64.whl", hash = "sha256:10325f0ffac2400b1ec09537b7e403419dcd25d9fee602a44e8a32119af9079e"},
    {file = "scipy-1.3.0.tar.gz", hash = "sha256:c3bb4bd2aca82fb498247deeac12265921fe231502a6bc6edea3ee7fe6c40a7a"},
]
six = [
    {file = "six-1.14.0-py2.py3-none-any.whl", hash = "sha256:8f3cd2e254d8f793e7f3d6d9df77b92252b52637291d0f0da013c76ea2724b6c"},
    {file = "six-1.14.0.tar.gz", hash = "sha256:236bdbdce46e6e6a3d61a337c0f8b763ca1e8717c03b369e87a7ec7ce1319c0a"},
]
tqdm = [
    {file = "tqdm-4.24.0-py2.py3-none-any.whl", hash = "sha256:536e5a0205b6401d8aaf04b21469949c178dbe3642e3c76d3bb494a83cb22a10"},
    {file = "tqdm-4.24.0.tar.gz", hash = "sha256:60bbaa6700e87a250f6abcbbd7ddb33243ad592240ba46afce5305b15b406fad"},
]
zipp = [
    {file = "zipp-1.0.0-py2.py3-none-any.whl", hash = "sha256:8dda78f06bd1674bd8720df8a50bb47b6e1233c503a4eed8e7810686bde37656"},
    {file = "zipp-1.0.0.tar.gz", hash = "sha256:d38fbe01bbf7a3593a32bc35a9c4453c32bc42b98c377f9bff7e9f8da157786c"},
]
